
Microsoft Visual Studio Solution File, Format Version 12.00
# Visual Studio Version 16
VisualStudioVersion = 16.0.30413.136
MinimumVisualStudioVersion = 10.0.40219.1
Project("{FAE04EC0-301F-11D3-BF4B-00C04F79EFBC}") = "EjemploPoo", "EjemploPoo.csproj", "{A773C075-13E5-400B-9886-F67872E4E670}"
EndProject
Global
	GlobalSection(SolutionConfigurationPlatforms) = preSolution
		Debug|Any CPU = Debug|Any CPU
		Release|Any CPU = Release|Any CPU
	EndGlobalSection
	GlobalSection(ProjectConfigurationPlatforms) = postSolution
		{A773C075-13E5-400B-9886-F67872E4E670}.Debug|Any CPU.ActiveCfg = Debug|Any CPU
		{A773C075-13E5-400B-9886-F67872E4E670}.Debug|Any CPU.Build.0 = Debug|Any CPU
		{A773C075-13E5-400B-9886-F67872E4E670}.Release|Any CPU.ActiveCfg = Release|Any CPU
		{A773C075-13E5-400B-9886-F67872E4E670}.Release|Any CPU.Build.0 = Release|Any CPU
	EndGlobalSection
	GlobalSection(SolutionProperties) = preSolution
		HideSolutionNode = FALSE
	EndGlobalSection
	GlobalSection(ExtensibilityGlobals) = postSolution
		SolutionGuid = {5457D93C-1D0C-4AD6-BD96-129EB769D693}
	EndGlobalSection
EndGlobal
